version = 1
requires-python = ">=3.10"

[[package]]
name = "certifi"
version = "2022.9.14"
source = { registry = "https://pypi.org/simple" }
sdist = { url = "https://files.pythonhosted.org/packages/ca/48/88ec470f8b68319b6782ca3a0570789886ad5ca24c1af2f3771699135baa/certifi-2022.9.14.tar.gz", hash = "sha256:36973885b9542e6bd01dea287b2b4b3b21236307c56324fcc3f1160f2d655ed5", size = 164141 }
wheels = [
    { url = "https://files.pythonhosted.org/packages/6a/34/cd29f4dd8a23ce45f2b8ce9631ff2d4205fb74eddb412a3dc4fd1e4aa800/certifi-2022.9.14-py3-none-any.whl", hash = "sha256:e232343de1ab72c2aa521b625c80f699e356830fd0e2c620b465b304b17b0516", size = 162511 },
]

[[package]]
name = "charset-normalizer"
version = "2.1.1"
source = { registry = "https://pypi.org/simple" }
sdist = { url = "https://files.pythonhosted.org/packages/a1/34/44964211e5410b051e4b8d2869c470ae8a68ae274953b1c7de6d98bbcf94/charset-normalizer-2.1.1.tar.gz", hash = "sha256:5a3d016c7c547f69d6f81fb0db9449ce888b418b5b9952cc5e6e66843e9dd845", size = 82360 }
wheels = [
    { url = "https://files.pythonhosted.org/packages/db/51/a507c856293ab05cdc1db77ff4bc1268ddd39f29e7dc4919aa497f0adbec/charset_normalizer-2.1.1-py3-none-any.whl", hash = "sha256:83e9a75d1911279afd89352c68b45348559d1fc0506b054b346651b5e7fee29f", size = 39748 },
]

[[package]]
name = "colorama"
version = "0.4.6"
source = { registry = "https://pypi.org/simple" }
sdist = { url = "https://files.pythonhosted.org/packages/d8/53/6f443c9a4a8358a93a6792e2acffb9d9d5cb0a5cfd8802644b7b1c9a02e4/colorama-0.4.6.tar.gz", hash = "sha256:08695f5cb7ed6e0531a20572697297273c47b8cae5a63ffc6d6ed5c201be6e44", size = 27697 }
wheels = [
    { url = "https://files.pythonhosted.org/packages/d1/d6/3965ed04c63042e047cb6a3e6ed1a63a35087b6a609aa3a15ed8ac56c221/colorama-0.4.6-py2.py3-none-any.whl", hash = "sha256:4f1d9991f5acc0ca119f9d443620b77f9d6b33703e51011c16baf57afb285fc6", size = 25335 },
]

[[package]]
name = "contourpy"
version = "1.0.5"
source = { registry = "https://pypi.org/simple" }
dependencies = [
    { name = "numpy" },
]
sdist = { url = "https://files.pythonhosted.org/packages/38/b3/d6fd43ab2eadce72ac089328d80e9cdf274efdb79a9933aaf52ef1621e99/contourpy-1.0.5.tar.gz", hash = "sha256:896631cd40222aef3697e4e51177d14c3709fda49d30983269d584f034acc8a4", size = 12158872 }
wheels = [
    { url = "https://files.pythonhosted.org/packages/9d/f8/6229b741bf2cd6bfaa6dfde915103eaea976650636e419480f169b8b963a/contourpy-1.0.5-cp310-cp310-macosx_10_9_universal2.whl", hash = "sha256:87121b9428ac568fb84fae4af5e7852fc34f02eadc4e3e91f6c8989327692186", size = 449498 },
    { url = "https://files.pythonhosted.org/packages/59/97/ee70d459bf6f9b49669f640e9d1b2045fc047f3108a8cacb3cc6fc77f3c6/contourpy-1.0.5-cp310-cp310-macosx_10_9_x86_64.whl", hash = "sha256:1fb782982c42cee667b892a0b0c52a9f6c7ecf1da5c5f4345845f04eaa862f93", size = 241116 },
    { url = "https://files.pythonhosted.org/packages/00/21/31b143bfcbc9d3aedd162fe7ce50bea1936c6766dea071e94e73ee68af8d/contourpy-1.0.5-cp310-cp310-macosx_11_0_arm64.whl", hash = "sha256:689d7d2a840619915d0abd1ecc6e399fee202f8ad315acda2807f4ca420d0802", size = 226039 },
    { url = "https://files.pythonhosted.org/packages/52/14/b59677ce2c4f168f246f69133b3e940562f836ae15016a327a20046a44ed/contourpy-1.0.5-cp310-cp310-manylinux_2_17_aarch64.manylinux2014_aarch64.whl", hash = "sha256:d88814befbd1433152c5f6dd536905149ba028d795a22555b149ae0a36024d9e", size = 278841 },
    { url = "https://files.pythonhosted.org/packages/c9/da/9dccde65dedc29df5ef6a0b014518a1a9737c2126903887d5bbc0a727dc3/contourpy-1.0.5-cp310-cp310-manylinux_2_17_i686.manylinux2014_i686.whl", hash = "sha256:df65f4b2b4e74977f0336bef12a88051ab24e6a16873cd9249f34d67cb3e345d", size = 302512 },
    { url = "https://files.pythonhosted.org/packages/6d/14/4387dc36c365c1799772b0f354c25f067ad3b7fae312ae6c8cc956980a93/contourpy-1.0.5-cp310-cp310-manylinux_2_17_x86_64.manylinux2014_x86_64.whl", hash = "sha256:bf6b4c0c723664f65c2a47c8cb6ebbf660b0b2e2d936adf2e8503d4e93359465", size = 295948 },
    { url = "https://files.pythonhosted.org/packages/f3/9b/e7df908c298b84430656bcafb1e409d8a5affa0113b2962455f1fe53640c/contourpy-1.0.5-cp310-cp310-musllinux_1_1_aarch64.whl", hash = "sha256:bcc98d397c3dea45d5b262029564b29cb8e945f2607a38bee6163694c0a8b4ef", size = 783499 },
    { url = "https://files.pythonhosted.org/packages/9b/35/e0bd0cdadbbf1e3d300c2712450210fb9f89fb42935b91d37f877680dca8/contourpy-1.0.5-cp310-cp310-musllinux_1_1_i686.whl", hash = "sha256:2bf5c846c257578b03d498b20f54f53551616a507d8e5463511c58bb58e9a9cf", size = 865248 },
    { url = "https://files.pythonhosted.org/packages/f7/85/f7ae1098522dd5eac41b96c9a387f41d3b67d85a84365f5ae9d5746122d9/contourpy-1.0.5-cp310-cp310-musllinux_1_1_x86_64.whl", hash = "sha256:cdacddb18d55ffec42d1907079cdc04ec4fa8a990cdf5b9d9fe67d281fc0d12e", size = 810289 },
    { url = "https://files.pythonhosted.org/packages/1d/e3/de4d588656689c9a7cf722ee027ad865a249d40de88e35bde713bec381a6/contourpy-1.0.5-cp310-cp310-win32.whl", hash = "sha256:434942fa2f9019b9ae525fb752dc523800c49a1a28fbd6d9240b0fa959573dcc", size = 145252 },
    { url = "https://files.pythonhosted.org/packages/e2/a1/60afbcfe6bbd801165e3234281dfd515305d40bce4534738ea33b22ef3d4/contourpy-1.0.5-cp310-cp310-win_amd64.whl", hash = "sha256:3b3082ade8849130203d461b98c2a061b382c46074b43b4edd5cefd81af92b8a", size = 164146 },
    { url = "https://files.pythonhosted.org/packages/be/80/72baba90616ea36976986c6e1d5e9bfd4773776df484a15c1a7d77400ad2/contourpy-1.0.5-cp311-cp311-macosx_10_9_universal2.whl", hash = "sha256:057114f698ffb9e54657e8fda6802e2f5c8fad609845cf6afaf31590ef6a33c0", size = 449371 },
    { url = "https://files.pythonhosted.org/packages/5b/c4/c5b58b9dc9dc5cd9895074c708d6cc465f660d4fd27ef46c6940ee3a735f/contourpy-1.0.5-cp311-cp311-macosx_10_9_x86_64.whl", hash = "sha256:218722a29c5c26677d37c44f5f8a372daf6f07870aad793a97d47eb6ad6b3290", size = 241107 },
    { url = "https://files.pythonhosted.org/packages/17/4c/5649116fc3164e6758c0cca1a1080b99e5f0d87376f499f88b504f7fe56f/contourpy-1.0.5-cp311-cp311-macosx_11_0_arm64.whl", hash = "sha256:6c02e22cf09996194bcb3a4784099975cf527d5c29caf759abadf29ebdb2fe27", size = 225971 },
    { url = "https://files.pythonhosted.org/packages/89/12/8d0e9dad57e1dfb8808ab219e42e7f42d4f9013b0057cecc3e201f5f5c83/contourpy-1.0.5-cp311-cp311-manylinux_2_17_aarch64.manylinux2014_aarch64.whl", hash = "sha256:c0d5ee865b5fd16bf62d72122aadcc90aab296c30c1adb0a32b4b66bd843163e", size = 278639 },
    { url = "https://files.pythonhosted.org/packages/4c/13/6f7a32f1078250d67b0f1c03b5dceed8ea7d1f1dc63c53f70e4c4bb63aa5/contourpy-1.0.5-cp311-cp311-manylinux_2_17_i686.manylinux2014_i686.whl", hash = "sha256:d45822b0a2a452327ab4f95efe368d234d5294bbf89a99968be27c7938a21108", size = 302248 },
    { url = "https://files.pythonhosted.org/packages/c8/37/27d29186f0b73d020ed89e460269edd10dc38167b871c4a69fe092017bc6/contourpy-1.0.5-cp311-cp311-manylinux_2_17_x86_64.manylinux2014_x86_64.whl", hash = "sha256:dca5be83a6dfaf933a46e3bc2b9f2685e5ec61b22f6a38ad740aac9c16e9a0ff", size = 296006 },
    { url = "https://files.pythonhosted.org/packages/1a/e9/aa692e0526ce0ef445eb8d113afffacaded613519bd1f2ad527d9fa5b805/contourpy-1.0.5-cp311-cp311-musllinux_1_1_aarch64.whl", hash = "sha256:3c3f2f6b898a40207843ae01970e57e33d22a26b22f23c6a5e07b4716751085f", size = 783549 },
    { url = "https://files.pythonhosted.org/packages/50/8d/fe316b390954f7f7602095b1f3a42a5bbd9a5d6050c0828a8dd61281aa4c/contourpy-1.0.5-cp311-cp311-musllinux_1_1_i686.whl", hash = "sha256:c2b4eab7c12f9cb460509bc34a3b086f9802f0dba27c89a63df4123819ad64af", size = 865453 },
    { url = "https://files.pythonhosted.org/packages/fd/5f/0f44766ca67e854682e1935d232e08e8727b18adce912b0b3ad90e877703/contourpy-1.0.5-cp311-cp311-musllinux_1_1_x86_64.whl", hash = "sha256:09ed9b63f4df8a7591b7a4a26c1ad066dcaafda1f846250fdcb534074a411692", size = 810514 },
    { url = "https://files.pythonhosted.org/packages/e7/8a/c9f9cd3c08d02cda7e2d0abbbd36f34550e3b7d6436b84025427eca485e5/contourpy-1.0.5-cp311-cp311-win32.whl", hash = "sha256:f670686d99c867d0f24b28ce8c6f02429c6eef5e2674aab287850d0ee2d20437", size = 145054 },
    { url = "https://files.pythonhosted.org/packages/d7/2f/ace465a3cfdd4f26fde839d4ac19c627ec17483eaef0c0f352c426d30f76/contourpy-1.0.5-cp311-cp311-win_amd64.whl", hash = "sha256:c51568e94f7f232296de30002f2a50f77a7bd346673da3e4f2aaf9d2b833f2e5", size = 164189 },
]

[[package]]
name = "cycler"
version = "0.11.0"
source = { registry = "https://pypi.org/simple" }
sdist = { url = "https://files.pythonhosted.org/packages/34/45/a7caaacbfc2fa60bee42effc4bcc7d7c6dbe9c349500e04f65a861c15eb9/cycler-0.11.0.tar.gz", hash = "sha256:9c87405839a19696e837b3b818fed3f5f69f16f1eec1a1ad77e043dcea9c772f", size = 18784 }
wheels = [
    { url = "https://files.pythonhosted.org/packages/5c/f9/695d6bedebd747e5eb0fe8fad57b72fdf25411273a39791cde838d5a8f51/cycler-0.11.0-py3-none-any.whl", hash = "sha256:3a27e95f763a428a739d2add979fa7494c912a32c17c4c38c4d5f082cad165a3", size = 6389 },
]

[[package]]
name = "dps-original"
version = "0.1.0"
source = { virtual = "." }
dependencies = [
    { name = "certifi" },
    { name = "charset-normalizer" },
    { name = "contourpy" },
    { name = "cycler" },
    { name = "fonttools" },
    { name = "idna" },
    { name = "kiwisolver" },
    { name = "matplotlib" },
    { name = "numpy" },
    { name = "packaging" },
    { name = "pillow" },
    { name = "pyparsing" },
    { name = "python-dateutil" },
    { name = "pyyaml" },
    { name = "requests" },
    { name = "scipy" },
    { name = "six" },
    { name = "tqdm" },
    { name = "typing-extensions" },
    { name = "urllib3" },
]

[package.metadata]
requires-dist = [
    { name = "certifi", specifier = "==2022.9.14" },
    { name = "charset-normalizer", specifier = "==2.1.1" },
    { name = "contourpy", specifier = "==1.0.5" },
    { name = "cycler", specifier = "==0.11.0" },
    { name = "fonttools", specifier = "==4.37.2" },
    { name = "idna", specifier = "==3.4" },
    { name = "kiwisolver", specifier = "==1.4.4" },
    { name = "matplotlib", specifier = "==3.6.0" },
    { name = "numpy", specifier = "<1.25.0" },
    { name = "packaging", specifier = "==21.3" },
    { name = "pillow", specifier = "==9.2.0" },
    { name = "pyparsing", specifier = "==3.0.9" },
    { name = "python-dateutil", specifier = "==2.8.2" },
    { name = "pyyaml", specifier = "==6.0" },
    { name = "requests", specifier = "==2.28.1" },
    { name = "scipy", specifier = "==1.9.1" },
    { name = "six", specifier = "==1.16.0" },
    { name = "tqdm", specifier = "==4.64.1" },
    { name = "typing-extensions", specifier = "==4.3.0" },
    { name = "urllib3", specifier = "==1.26.12" },
]

[[package]]
name = "fonttools"
version = "4.37.2"
source = { registry = "https://pypi.org/simple" }
sdist = { url = "https://files.pythonhosted.org/packages/1c/ba/ec6c77400dd8dd35a6b7d825cd50401c8fbe64c708f7ce7f766fcb2faa09/fonttools-4.37.2.zip", hash = "sha256:b6d86ffd0a5f83d3da6a34d5f99a90398638e423cd6a8d93c5808af703432c7f", size = 5058561 }
wheels = [
    { url = "https://files.pythonhosted.org/packages/c3/f2/8e1f94318021b162000a8c48f2c460d5efba78fe0e46ef5d236ff3fe8147/fonttools-4.37.2-py3-none-any.whl", hash = "sha256:88d48ef24486137c864dc56707b4b54ef8a97ab9162c2721ec61434baf1c4d13", size = 959849 },
]

[[package]]
name = "idna"
version = "3.4"
source = { registry = "https://pypi.org/simple" }
sdist = { url = "https://files.pythonhosted.org/packages/8b/e1/43beb3d38dba6cb420cefa297822eac205a277ab43e5ba5d5c46faf96438/idna-3.4.tar.gz", hash = "sha256:814f528e8dead7d329833b91c5faa87d60bf71824cd12a7530b5526063d02cb4", size = 183077 }
wheels = [
    { url = "https://files.pythonhosted.org/packages/fc/34/3030de6f1370931b9dbb4dad48f6ab1015ab1d32447850b9fc94e60097be/idna-3.4-py3-none-any.whl", hash = "sha256:90b77e79eaa3eba6de819a0c442c0b4ceefc341a7a2ab77d7562bf49f425c5c2", size = 61538 },
]

[[package]]
name = "kiwisolver"
version = "1.4.4"
source = { registry = "https://pypi.org/simple" }
sdist = { url = "https://files.pythonhosted.org/packages/5f/5c/272a7dd49a1914f35cd8d6d9f386defa8b047f6fbd06badd6b77b3ba24e7/kiwisolver-1.4.4.tar.gz", hash = "sha256:d41997519fcba4a1e46eb4a2fe31bc12f0ff957b2b81bac28db24744f333e955", size = 97093 }
wheels = [
    { url = "https://files.pythonhosted.org/packages/83/b7/f6386940bec20b842a097697a0396a0941cbc5262d4b619dee2cc123502b/kiwisolver-1.4.4-cp310-cp310-macosx_10_9_universal2.whl", hash = "sha256:2f5e60fabb7343a836360c4f0919b8cd0d6dbf08ad2ca6b9cf90bf0c76a3c4f6", size = 121891 },
    { url = "https://files.pythonhosted.org/packages/eb/db/b7ebaa2d35f9fb55f3ff8328b5e9dc049f6524dca737cea13e6235ab191d/kiwisolver-1.4.4-cp310-cp310-macosx_10_9_x86_64.whl", hash = "sha256:10ee06759482c78bdb864f4109886dff7b8a56529bc1609d4f1112b93fe6423c", size = 65475 },
    { url = "https://files.pythonhosted.org/packages/ee/c2/99b2d61dc246844498e68571c589e37ed7a866a4914cb2da2d66d141b596/kiwisolver-1.4.4-cp310-cp310-macosx_11_0_arm64.whl", hash = "sha256:c79ebe8f3676a4c6630fd3f777f3cfecf9289666c84e775a67d1d358578dc2e3", size = 63227 },
    { url = "https://files.pythonhosted.org/packages/a9/fd/049c39c4c501775f5439ba8e08bf298d5af828b99c703e265c5150311ccd/kiwisolver-1.4.4-cp310-cp310-manylinux_2_12_i686.manylinux2010_i686.whl", hash = "sha256:abbe9fa13da955feb8202e215c4018f4bb57469b1b78c7a4c5c7b93001699938", size = 1635046 },
    { url = "https://files.pythonhosted.org/packages/79/0f/5cc4ca3df66c49817944b9a1c7343ba70aefffc868ddf651d7839cc5dffd/kiwisolver-1.4.4-cp310-cp310-manylinux_2_12_x86_64.manylinux2010_x86_64.whl", hash = "sha256:7577c1987baa3adc4b3c62c33bd1118c3ef5c8ddef36f0f2c950ae0b199e100d", size = 1617970 },
    { url = "https://files.pythonhosted.org/packages/c7/cf/40d5c5d4f91b2d5cb3aadad9a1074964749a19e1054cef3d491cfa73a25e/kiwisolver-1.4.4-cp310-cp310-manylinux_2_17_aarch64.manylinux2014_aarch64.whl", hash = "sha256:f8ad8285b01b0d4695102546b342b493b3ccc6781fc28c8c6a1bb63e95d22f09", size = 1399184 },
    { url = "https://files.pythonhosted.org/packages/cb/56/a7c407d437f82eb92954b618bbc71af28a3d88634901f69500d186209a85/kiwisolver-1.4.4-cp310-cp310-manylinux_2_17_ppc64le.manylinux2014_ppc64le.whl", hash = "sha256:8ed58b8acf29798b036d347791141767ccf65eee7f26bde03a71c944449e53de", size = 1511139 },
    { url = "https://files.pythonhosted.org/packages/b7/e0/ee57a00f6bf411e54cf0521eceab306d1c606c5a640ee1b54951d2bd41b7/kiwisolver-1.4.4-cp310-cp310-manylinux_2_17_s390x.manylinux2014_s390x.whl", hash = "sha256:a68b62a02953b9841730db7797422f983935aeefceb1679f0fc85cbfbd311c32", size = 1415539 },
    { url = "https://files.pythonhosted.org/packages/cf/93/52792dd319af16897c248e5e053a806ef83648212e66ec3738aaf7238094/kiwisolver-1.4.4-cp310-cp310-win32.whl", hash = "sha256:e92a513161077b53447160b9bd8f522edfbed4bd9759e4c18ab05d7ef7e49408", size = 45855 },
    { url = "https://files.pythonhosted.org/packages/68/20/2ce1186ef4edf47281faf58f6dd72a1fcd2be1fc66514bd2d220097bdcd1/kiwisolver-1.4.4-cp310-cp310-win_amd64.whl", hash = "sha256:3fe20f63c9ecee44560d0e7f116b3a747a5d7203376abeea292ab3152334d004", size = 55263 },
    { url = "https://files.pythonhosted.org/packages/ed/bf/7994af5c838c761b4998044dfabecce8c9f428479e32fe77edc7336dcfd2/kiwisolver-1.4.4-cp311-cp311-macosx_10_9_universal2.whl", hash = "sha256:e0ea21f66820452a3f5d1655f8704a60d66ba1191359b96541eaf457710a5fc6", size = 121811 },
    { url = "https://files.pythonhosted.org/packages/b7/9d/b9d5c0412d46defef863f365b8ab8817b660e1f05385c0ed670deab0aa49/kiwisolver-1.4.4-cp311-cp311-macosx_10_9_x86_64.whl", hash = "sha256:bc9db8a3efb3e403e4ecc6cd9489ea2bac94244f80c78e27c31dcc00d2790ac2", size = 65479 },
    { url = "https://files.pythonhosted.org/packages/89/84/b63b6ada3b349605cf97e28b71bdf37dbf74207c5c56e0a03e583226edc0/kiwisolver-1.4.4-cp311-cp311-macosx_11_0_arm64.whl", hash = "sha256:d5b61785a9ce44e5a4b880272baa7cf6c8f48a5180c3e81c59553ba0cb0821ca", size = 63121 },
    { url = "https://files.pythonhosted.org/packages/70/85/2c6f6c2de0820c97d49ffa7e183ace21f02a683cd0d6fa98f58762e597f6/kiwisolver-1.4.4-cp311-cp311-manylinux_2_12_i686.manylinux2010_i686.manylinux_2_17_i686.manylinux2014_i686.whl", hash = "sha256:c2dbb44c3f7e6c4d3487b31037b1bdbf424d97687c1747ce4ff2895795c9bf69", size = 1332632 },
    { url = "https://files.pythonhosted.org/packages/43/67/634a9c3854e4f908ff5ffd48ea51b1ca3e096ce79ffdd91ebdcd07d6d64b/kiwisolver-1.4.4-cp311-cp311-manylinux_2_17_aarch64.manylinux2014_aarch64.whl", hash = "sha256:6295ecd49304dcf3bfbfa45d9a081c96509e95f4b9d0eb7ee4ec0530c4a96514", size = 1425065 },
    { url = "https://files.pythonhosted.org/packages/ae/a1/5259f35063488465c433ddf70b000ba8eff024093849934b09d3bdc8fb2a/kiwisolver-1.4.4-cp311-cp311-manylinux_2_17_ppc64le.manylinux2014_ppc64le.whl", hash = "sha256:4bd472dbe5e136f96a4b18f295d159d7f26fd399136f5b17b08c4e5f498cd494", size = 1539355 },
    { url = "https://files.pythonhosted.org/packages/92/be/d8b1ff785ef6ab899e6934e3e458580761beb561727ece19f83f96767de6/kiwisolver-1.4.4-cp311-cp311-manylinux_2_17_s390x.manylinux2014_s390x.whl", hash = "sha256:bf7d9fce9bcc4752ca4a1b80aabd38f6d19009ea5cbda0e0856983cf6d0023f5", size = 1468895 },
    { url = "https://files.pythonhosted.org/packages/ac/e6/823a136cefcf0592338827f54cb73642c2ea580acd8a7d5dbf8f32437848/kiwisolver-1.4.4-cp311-cp311-manylinux_2_17_x86_64.manylinux2014_x86_64.whl", hash = "sha256:78d6601aed50c74e0ef02f4204da1816147a6d3fbdc8b3872d263338a9052c51", size = 1424584 },
    { url = "https://files.pythonhosted.org/packages/78/df/13ab40e58fa093243f9732cfe2880fc84cee6963f75a889789a682bc1c50/kiwisolver-1.4.4-cp311-cp311-musllinux_1_1_aarch64.whl", hash = "sha256:877272cf6b4b7e94c9614f9b10140e198d2186363728ed0f701c6eee1baec1da", size = 1846284 },
    { url = "https://files.pythonhosted.org/packages/48/36/b8605e1559c97522950658302fd7371affac055c554d45ba1c4665b29724/kiwisolver-1.4.4-cp311-cp311-musllinux_1_1_i686.whl", hash = "sha256:db608a6757adabb32f1cfe6066e39b3706d8c3aa69bbc353a5b61edad36a5cb4", size = 1946287 },
    { url = "https://files.pythonhosted.org/packages/cb/ab/a94286c03f19851cfabeba28dde406ba29ca048d77d3342f7699268af649/kiwisolver-1.4.4-cp311-cp311-musllinux_1_1_ppc64le.whl", hash = "sha256:5853eb494c71e267912275e5586fe281444eb5e722de4e131cddf9d442615626", size = 1900425 },
    { url = "https://files.pythonhosted.org/packages/c5/52/3f96b6761fc70fb3e2fc8189fc1bc1ced3350321e6690189a1b3c6463bc8/kiwisolver-1.4.4-cp311-cp311-musllinux_1_1_s390x.whl", hash = "sha256:f0a1dbdb5ecbef0d34eb77e56fcb3e95bbd7e50835d9782a45df81cc46949750", size = 1852588 },
    { url = "https://files.pythonhosted.org/packages/69/6c/8597155d3755337c7e39a7aaf54a07de0ad2572b109d904aeb70b4ab6f36/kiwisolver-1.4.4-cp311-cp311-musllinux_1_1_x86_64.whl", hash = "sha256:283dffbf061a4ec60391d51e6155e372a1f7a4f5b15d59c8505339454f8989e4", size = 1869687 },
    { url = "https://files.pythonhosted.org/packages/96/61/79804e00f7e8b5c54f5fce84740896a18142b5e85152c44d565c0d763f05/kiwisolver-1.4.4-cp311-cp311-win32.whl", hash = "sha256:d06adcfa62a4431d404c31216f0f8ac97397d799cd53800e9d3efc2fbb3cf14e", size = 45854 },
    { url = "https://files.pythonhosted.org/packages/63/33/a52b723c5e6f1a7b0d73d68761f05ba217519da3ec264ef32dbead9e68ec/kiwisolver-1.4.4-cp311-cp311-win_amd64.whl", hash = "sha256:e7da3fec7408813a7cebc9e4ec55afed2d0fd65c4754bc376bf03498d4e92686", size = 55395 },
]

[[package]]
name = "matplotlib"
version = "3.6.0"
source = { registry = "https://pypi.org/simple" }
dependencies = [
    { name = "contourpy" },
    { name = "cycler" },
    { name = "fonttools" },
    { name = "kiwisolver" },
    { name = "numpy" },
    { name = "packaging" },
    { name = "pillow" },
    { name = "pyparsing" },
    { name = "python-dateutil" },
]
sdist = { url = "https://files.pythonhosted.org/packages/69/e6/c36374904b757c8193a44af789ddf5bc27f2fe5fbd0cdd908f09cb21e2e1/matplotlib-3.6.0.tar.gz", hash = "sha256:c5108ebe67da60a9204497d8d403316228deb52b550388190c53a57394d41531", size = 35749946 }
wheels = [
    { url = "https://files.pythonhosted.org/packages/9c/a0/7ef45f36629acbf09fae4c50fc5cf2ec522f518aff592ad8535cf81ebe98/matplotlib-3.6.0-cp310-cp310-macosx_10_12_universal2.whl", hash = "sha256:6b98e098549d3aea2bfb93f38f0b2ecadcb423fa1504bbff902c01efdd833fd8", size = 8146553 },
    { url = "https://files.pythonhosted.org/packages/13/b5/035eb964f9bc119785d69d4282ecbf3421783b230df3d43dcad1c3782648/matplotlib-3.6.0-cp310-cp310-macosx_10_12_x86_64.whl", hash = "sha256:798559837156b8e2e2df97cffca748c5c1432af6ec5004c2932e475d813f1743", size = 7327158 },
    { url = "https://files.pythonhosted.org/packages/52/d2/3a88e32103fabe95b0658db9177e4dbe3f83744a61a79fbc537b06ae730c/matplotlib-3.6.0-cp310-cp310-macosx_11_0_arm64.whl", hash = "sha256:e572c67958f7d55eae77f5f64dc7bd31968cc9f24c233926833efe63c60545f2", size = 7235955 },
    { url = "https://files.pythonhosted.org/packages/fb/d3/2bf938814aa202f459088964b2ed1ecaef2c7361f3ce832db25397c4db70/matplotlib-3.6.0-cp310-cp310-manylinux_2_17_aarch64.manylinux2014_aarch64.whl", hash = "sha256:3ec2edf7f74829eae287aa53d64d83ad5d43ee51d29fb1d88e689d8b36028312", size = 11613123 },
    { url = "https://files.pythonhosted.org/packages/d8/37/65f6ba3cbc70a04047462651a0fa7b3deeb5545728001bf15592d0b3074d/matplotlib-3.6.0-cp310-cp310-manylinux_2_17_i686.manylinux2014_i686.whl", hash = "sha256:51092d13499be72e47c15c3a1ae0209edaca6be42b65ffbbefbe0c85f6153c6f", size = 11712008 },
    { url = "https://files.pythonhosted.org/packages/5e/00/f405389bccdfb8dea925ef4ed14efe8e3e09302355e721607e28745e8274/matplotlib-3.6.0-cp310-cp310-manylinux_2_17_x86_64.manylinux2014_x86_64.whl", hash = "sha256:9295ca10a140c21e40d2ee43ef423213dc20767f6cea6b87c36973564bc51095", size = 11836562 },
    { url = "https://files.pythonhosted.org/packages/a2/1d/06e85fb46fe0017ddfed8c8683502aa673b21567177444fee047d2f78655/matplotlib-3.6.0-cp310-cp310-win32.whl", hash = "sha256:1a4835c177821f3729be27ae9be7b8ae209fe75e83db7d9b2bfd319a998f0a42", size = 7097671 },
    { url = "https://files.pythonhosted.org/packages/1d/ca/226bf297851690781ac79d8d1cb1af550f5d4926c56ee5035bf3d2027093/matplotlib-3.6.0-cp310-cp310-win_amd64.whl", hash = "sha256:2b60d4abcb6a405ca7d909c80791b00637d22c62aa3bb0ffff7e589f763867f5", size = 7210365 },
    { url = "https://files.pythonhosted.org/packages/11/42/83ec7549007d2dc0d06acbf34871d84cc6c1b06e38a808518e65208f4fd2/matplotlib-3.6.0-cp311-cp311-macosx_10_12_universal2.whl", hash = "sha256:66a0db13f77aa7806dba29273874cf862450c61c2e5158245d17ee85d983fe8e", size = 8146528 },
    { url = "https://files.pythonhosted.org/packages/d0/6e/2dde2f3f82ba28704a2cabed3ed4f92f7520196fa3a9866cbc57cd40cc6a/matplotlib-3.6.0-cp311-cp311-macosx_10_12_x86_64.whl", hash = "sha256:1739935d293d0348d7bf662e8cd0edb9c2aa8f20ccd646db755ce0f3456d24e4", size = 7327150 },
    { url = "https://files.pythonhosted.org/packages/bf/b4/4dae6fc83d11a1444dde0ece9392d87cea1056ea308a59fc607a1b7ea74b/matplotlib-3.6.0-cp311-cp311-macosx_11_0_arm64.whl", hash = "sha256:1559213b803959a2b8309122585b5226d1c2fb66c933b1a2094cf1e99cb4fb90", size = 7235920 },
    { url = "https://files.pythonhosted.org/packages/8e/de/b55b3800d08e597d4072879d56d22527a2771ec05f17e1ba3f92c3f29726/matplotlib-3.6.0-cp311-cp311-manylinux_2_17_aarch64.manylinux2014_aarch64.whl", hash = "sha256:b5bd3b3ff191f81509d9a1afd62e1e3cda7a7889c35b5b6359a1241fe1511015", size = 11617403 },
    { url = "https://files.pythonhosted.org/packages/06/dd/5a2da89bbbb50a657785427a4695063623c616b80fa3baaf68c65c119d5a/matplotlib-3.6.0-cp311-cp311-manylinux_2_17_i686.manylinux2014_i686.whl", hash = "sha256:f1954d71cdf15c19e7f3bf2235a4fe1600ba42f34d472c9495bcf54d75a43e4e", size = 11716300 },
    { url = "https://files.pythonhosted.org/packages/f2/37/2081c45f41934f568e59981fd75522541506f69ffc989e8f7d107d075068/matplotlib-3.6.0-cp311-cp311-manylinux_2_17_x86_64.manylinux2014_x86_64.whl", hash = "sha256:d840712f4b4c7d2a119f993d7e43ca9bcaa73aeaa24c322fa2bdf4f689a3ee09", size = 11841075 },
    { url = "https://files.pythonhosted.org/packages/a7/65/a9ab70682c8d0e3ff5fe91931f08703d48cdeccbcbbb16e5acf1ec588c87/matplotlib-3.6.0-cp311-cp311-win32.whl", hash = "sha256:89e1978c3fbe4e3d4c6ad7db7e6f982607cb2546f982ccbe42708392437b1972", size = 7097630 },
    { url = "https://files.pythonhosted.org/packages/ec/ae/82960a8135b2f5e7102e9538bed8a791525bb19cbee65326467f43af5d0c/matplotlib-3.6.0-cp311-cp311-win_amd64.whl", hash = "sha256:9711ef291e184b5a73c9d3af3f2d5cfe25d571c8dd95aa498415f74ac7e221a8", size = 7210196 },
]

[[package]]
name = "numpy"
version = "1.23.3"
source = { registry = "https://pypi.org/simple" }
sdist = { url = "https://files.pythonhosted.org/packages/0a/88/f4f0c7a982efdf7bf22f283acf6009b29a9cc5835b684a49f8d3a4adb22f/numpy-1.23.3.tar.gz", hash = "sha256:51bf49c0cd1d52be0a240aa66f3458afc4b95d8993d2d04f0d91fa60c10af6cd", size = 10726039 }
wheels = [
    { url = "https://files.pythonhosted.org/packages/3a/0c/8d8fe64dcfbeac1dabeb8ae74c8b697a18cf48adfced980291abcc266984/numpy-1.23.3-cp310-cp310-macosx_10_9_x86_64.whl", hash = "sha256:c9f707b5bb73bf277d812ded9896f9512a43edff72712f31667d0a8c2f8e71ee", size = 18113219 },
    { url = "https://files.pythonhosted.org/packages/d7/da/417e298fd3998ed1df4b492b400757ec331c310d4d6cbf5a2f4aa93717e8/numpy-1.23.3-cp310-cp310-macosx_11_0_arm64.whl", hash = "sha256:ffcf105ecdd9396e05a8e58e81faaaf34d3f9875f137c7372450baa5d77c9a54", size = 13345467 },
    { url = "https://files.pythonhosted.org/packages/98/e0/481ed31801a69089aac50fe57229f8396b1d9cf4c85054275f9c909b13d9/numpy-1.23.3-cp310-cp310-manylinux_2_17_aarch64.manylinux2014_aarch64.whl", hash = "sha256:0ea3f98a0ffce3f8f57675eb9119f3f4edb81888b6874bc1953f91e0b1d4f440", size = 13942044 },
    { url = "https://files.pythonhosted.org/packages/c7/31/0298a8f62a8c82b8c542f78f3761e67cb8bf0450b3e61bbe66c5c54c1a81/numpy-1.23.3-cp310-cp310-manylinux_2_17_x86_64.manylinux2014_x86_64.whl", hash = "sha256:004f0efcb2fe1c0bd6ae1fcfc69cc8b6bf2407e0f18be308612007a0762b4089", size = 17054530 },
    { url = "https://files.pythonhosted.org/packages/75/25/196d280e3570e19bc9c553af6941b13289ff520069bffa047a80b47e549a/numpy-1.23.3-cp310-cp310-win32.whl", hash = "sha256:98dcbc02e39b1658dc4b4508442a560fe3ca5ca0d989f0df062534e5ca3a5c1a", size = 12193207 },
    { url = "https://files.pythonhosted.org/packages/51/b6/861f5e9d59c1bb6c05467f5ddcba965cb2c4b1fd62f6bf7b4c4632492625/numpy-1.23.3-cp310-cp310-win_amd64.whl", hash = "sha256:39a664e3d26ea854211867d20ebcc8023257c1800ae89773cbba9f9e97bae036", size = 14643180 },
    { url = "https://files.pythonhosted.org/packages/8d/51/bfaf6dc8279c58fcd8234e9b0f0b86146e3a8814159cd30875154f743061/numpy-1.23.3-cp311-cp311-macosx_10_9_x86_64.whl", hash = "sha256:1f27b5322ac4067e67c8f9378b41c746d8feac8bdd0e0ffede5324667b8a075c", size = 18084478 },
    { url = "https://files.pythonhosted.org/packages/b1/84/0af94541d21dd2d403377209f462b6b463dc4ba15158776285f1af2132ac/numpy-1.23.3-cp311-cp311-macosx_11_0_arm64.whl", hash = "sha256:2ad3ec9a748a8943e6eb4358201f7e1c12ede35f510b1a2221b70af4bb64295c", size = 13319375 },
    { url = "https://files.pythonhosted.org/packages/df/5b/7f03caa84950cf02f841c910a249ae526a858de9c87ef4357cfb723b02b1/numpy-1.23.3-cp311-cp311-manylinux_2_17_aarch64.manylinux2014_aarch64.whl", hash = "sha256:bdc9febce3e68b697d931941b263c59e0c74e8f18861f4064c1f712562903411", size = 13937292 },
    { url = "https://files.pythonhosted.org/packages/d2/09/9ab4e760206c10081d253db9a3d4db8fd040ffcec9d7cdf5376d99531d54/numpy-1.23.3-cp311-cp311-manylinux_2_17_x86_64.manylinux2014_x86_64.whl", hash = "sha256:301c00cf5e60e08e04d842fc47df641d4a181e651c7135c50dc2762ffe293dbd", size = 17051795 },
    { url = "https://files.pythonhosted.org/packages/58/4f/55b0ea97b18e885b67aa41a9929d6a6414da7ddad5ebbd10a9c4ad086640/numpy-1.23.3-cp311-cp311-win32.whl", hash = "sha256:7cd1328e5bdf0dee621912f5833648e2daca72e3839ec1d6695e91089625f0b4", size = 12186684 },
    { url = "https://files.pythonhosted.org/packages/2e/bd/286dacf2655c4db1a5076390337c746452a08def20daa53b4903722545d2/numpy-1.23.3-cp311-cp311-win_amd64.whl", hash = "sha256:8355fc10fd33a5a70981a5b8a0de51d10af3688d7a9e4a34fcc8fa0d7467bb7f", size = 14634837 },
]

[[package]]
name = "packaging"
version = "21.3"
source = { registry = "https://pypi.org/simple" }
dependencies = [
    { name = "pyparsing" },
]
sdist = { url = "https://files.pythonhosted.org/packages/df/9e/d1a7217f69310c1db8fdf8ab396229f55a699ce34a203691794c5d1cad0c/packaging-21.3.tar.gz", hash = "sha256:dd47c42927d89ab911e606518907cc2d3a1f38bbd026385970643f9c5b8ecfeb", size = 84848 }
wheels = [
    { url = "https://files.pythonhosted.org/packages/05/8e/8de486cbd03baba4deef4142bd643a3e7bbe954a784dc1bb17142572d127/packaging-21.3-py3-none-any.whl", hash = "sha256:ef103e05f519cdc783ae24ea4e2e0f508a9c99b2d4969652eed6a2e1ea5bd522", size = 40750 },
]

[[package]]
name = "pillow"
version = "9.2.0"
source = { registry = "https://pypi.org/simple" }
sdist = { url = "https://files.pythonhosted.org/packages/8c/92/2975b464d9926dc667020ed1abfa6276e68c3571dcb77e43347e15ee9eed/Pillow-9.2.0.tar.gz", hash = "sha256:75e636fd3e0fb872693f23ccb8a5ff2cd578801251f3a4f6854c6a5d437d3c04", size = 50017840 }
wheels = [
    { url = "https://files.pythonhosted.org/packages/d8/60/b13c00d403f34110e96c1b5c0afa73ce461efe3fe960c3a7e3e7fe190d82/Pillow-9.2.0-cp310-cp310-macosx_10_10_x86_64.whl", hash = "sha256:a9c9bc489f8ab30906d7a85afac4b4944a572a7432e00698a7239f44a44e6efb", size = 3141953 },
    { url = "https://files.pythonhosted.org/packages/0c/5f/117b653cad585f3aedfe0de996c292e67d4b020ed77f652e5a6c8c24f908/Pillow-9.2.0-cp310-cp310-macosx_11_0_arm64.whl", hash = "sha256:510cef4a3f401c246cfd8227b300828715dd055463cdca6176c2e4036df8bd4f", size = 2785403 },
    { url = "https://files.pythonhosted.org/packages/a7/ae/58aeb5d106ab220ac34abf367fc03f711a4621638c8573842939314d7fff/Pillow-9.2.0-cp310-cp310-manylinux_2_17_aarch64.manylinux2014_aarch64.whl", hash = "sha256:7888310f6214f19ab2b6df90f3f06afa3df7ef7355fc025e78a3044737fab1f5", size = 3027515 },
    { url = "https://files.pythonhosted.org/packages/65/94/d4d2c7b148f2a9f7069325123d9ac9ae64aba2e2a908997f53082bf86908/Pillow-9.2.0-cp310-cp310-manylinux_2_17_i686.manylinux2014_i686.whl", hash = "sha256:831e648102c82f152e14c1a0938689dbb22480c548c8d4b8b248b3e50967b88c", size = 3202954 },
    { url = "https://files.pythonhosted.org/packages/c4/ac/a50a4a11fe2120d3047b567f765afb54d6c57bad704e8c9759153b6359e4/Pillow-9.2.0-cp310-cp310-manylinux_2_17_x86_64.manylinux2014_x86_64.whl", hash = "sha256:1cc1d2451e8a3b4bfdb9caf745b58e6c7a77d2e469159b0d527a4554d73694d1", size = 3124297 },
    { url = "https://files.pythonhosted.org/packages/d2/b9/4434959b8a2bdeccc5181b71d1377aeed352628fdf5c8a92f25868a0f2a0/Pillow-9.2.0-cp310-cp310-manylinux_2_28_aarch64.whl", hash = "sha256:136659638f61a251e8ed3b331fc6ccd124590eeff539de57c5f80ef3a9594e58", size = 3066888 },
    { url = "https://files.pythonhosted.org/packages/f6/51/320986ebd6d46a0e95c2240468ced73153b691ce07617078bcdf30c609ec/Pillow-9.2.0-cp310-cp310-manylinux_2_28_x86_64.whl", hash = "sha256:6e8c66f70fb539301e064f6478d7453e820d8a2c631da948a23384865cd95544", size = 3168458 },
    { url = "https://files.pythonhosted.org/packages/85/7f/8192ff7e5f79f05a637a8c4e697e24083fdc3c92f8f542b23180e49b6623/Pillow-9.2.0-cp310-cp310-musllinux_1_1_x86_64.whl", hash = "sha256:37ff6b522a26d0538b753f0b4e8e164fdada12db6c6f00f62145d732d8a3152e", size = 3225138 },
    { url = "https://files.pythonhosted.org/packages/a8/f6/80e3a20fdce16457ad80e335af6b600ff24afc1949d0184465436257a973/Pillow-9.2.0-cp310-cp310-win32.whl", hash = "sha256:c79698d4cd9318d9481d89a77e2d3fcaeff5486be641e60a4b49f3d2ecca4e28", size = 2831891 },
    { url = "https://files.pythonhosted.org/packages/02/55/67a3c17b9e7d972ed8c246f104da99ca4f3ea42fba566697e479011b84b6/Pillow-9.2.0-cp310-cp310-win_amd64.whl", hash = "sha256:254164c57bab4b459f14c64e93df11eff5ded575192c294a0c49270f22c5d93d", size = 3276402 },
    { url = "https://files.pythonhosted.org/packages/d3/83/77f4cbeb3f06a8bd43b39aa68df3ba2d415254c0cbe7bf7f26c894ebfd30/Pillow-9.2.0-cp311-cp311-macosx_10_10_x86_64.whl", hash = "sha256:adabc0bce035467fb537ef3e5e74f2847c8af217ee0be0455d4fec8adc0462fc", size = 3239205 },
    { url = "https://files.pythonhosted.org/packages/84/6c/2c6e4a6d0f94b1154dcc4e8ec54e9c7c1df70569925508484df02e7f9490/Pillow-9.2.0-cp311-cp311-macosx_11_0_arm64.whl", hash = "sha256:336b9036127eab855beec9662ac3ea13a4544a523ae273cbf108b228ecac8437", size = 2875948 },
    { url = "https://files.pythonhosted.org/packages/57/7a/75294fb31127fe09dc5e17fda63ec0d349e9ad4a580fa6bd8583083f7e05/Pillow-9.2.0-cp311-cp311-manylinux_2_17_aarch64.manylinux2014_aarch64.whl", hash = "sha256:50dff9cc21826d2977ef2d2a205504034e3a4563ca6f5db739b0d1026658e004", size = 3027567 },
    { url = "https://files.pythonhosted.org/packages/dd/87/889f4636c9c42d62094a08f4bcaa3ae5fef512a2c1e699c0c631b2d380e9/Pillow-9.2.0-cp311-cp311-manylinux_2_17_i686.manylinux2014_i686.whl", hash = "sha256:cb6259196a589123d755380b65127ddc60f4c64b21fc3bb46ce3a6ea663659b0", size = 3202901 },
    { url = "https://files.pythonhosted.org/packages/66/a8/d2c36017e6abd37de63ab3c5224d21141c651076068e6c3a169a8b021deb/Pillow-9.2.0-cp311-cp311-manylinux_2_17_x86_64.manylinux2014_x86_64.whl", hash = "sha256:7b0554af24df2bf96618dac71ddada02420f946be943b181108cac55a7a2dcd4", size = 3124316 },
    { url = "https://files.pythonhosted.org/packages/1c/28/f2ed3a4f298319b0b1ece6f527c8f75bbc8c66866eef6a1384be32fdaab9/Pillow-9.2.0-cp311-cp311-manylinux_2_28_aarch64.whl", hash = "sha256:15928f824870535c85dbf949c09d6ae7d3d6ac2d6efec80f3227f73eefba741c", size = 3066934 },
    { url = "https://files.pythonhosted.org/packages/f4/2c/aa1eefda3538b661c1fd2310f19e82b7ee09c5362ab1f8f03b6e69ef5bfb/Pillow-9.2.0-cp311-cp311-manylinux_2_28_x86_64.whl", hash = "sha256:bdd0de2d64688ecae88dd8935012c4a72681e5df632af903a1dca8c5e7aa871a", size = 3168438 },
    { url = "https://files.pythonhosted.org/packages/39/72/7097a5b4b70661df03b8af02152fc5562a6f7ad1eb94b0ceb3c1999ed623/Pillow-9.2.0-cp311-cp311-musllinux_1_1_x86_64.whl", hash = "sha256:d5b87da55a08acb586bad5c3aa3b86505f559b84f39035b233d5bf844b0834b1", size = 3225166 },
    { url = "https://files.pythonhosted.org/packages/c6/d8/ea34b07fdef5adde22ce9710213e7b8ad458969cc05f67f27f2607c3dbdc/Pillow-9.2.0-cp311-cp311-win32.whl", hash = "sha256:b6d5e92df2b77665e07ddb2e4dbd6d644b78e4c0d2e9272a852627cdba0d75cf", size = 2832105 },
    { url = "https://files.pythonhosted.org/packages/93/89/5bcd074b8a4d18c147245f9ce0d18b065013bfcfb1d91d37e5bd4a4592f0/Pillow-9.2.0-cp311-cp311-win_amd64.whl", hash = "sha256:6bf088c1ce160f50ea40764f825ec9b72ed9da25346216b91361eef8ad1b8f8c", size = 3276682 },
]

[[package]]
name = "pyparsing"
version = "3.0.9"
source = { registry = "https://pypi.org/simple" }
sdist = { url = "https://files.pythonhosted.org/packages/71/22/207523d16464c40a0310d2d4d8926daffa00ac1f5b1576170a32db749636/pyparsing-3.0.9.tar.gz", hash = "sha256:2b020ecf7d21b687f219b71ecad3631f644a47f01403fa1d1036b0c6416d70fb", size = 1999906 }
wheels = [
    { url = "https://files.pythonhosted.org/packages/6c/10/a7d0fa5baea8fe7b50f448ab742f26f52b80bfca85ac2be9d35cdd9a3246/pyparsing-3.0.9-py3-none-any.whl", hash = "sha256:5026bae9a10eeaefb61dab2f09052b9f4307d44aee4eda64b309723d8d206bbc", size = 98338 },
]

[[package]]
name = "python-dateutil"
version = "2.8.2"
source = { registry = "https://pypi.org/simple" }
dependencies = [
    { name = "six" },
]
sdist = { url = "https://files.pythonhosted.org/packages/4c/c4/13b4776ea2d76c115c1d1b84579f3764ee6d57204f6be27119f13a61d0a9/python-dateutil-2.8.2.tar.gz", hash = "sha256:0123cacc1627ae19ddf3c27a5de5bd67ee4586fbdd6440d9748f8abb483d3e86", size = 357324 }
wheels = [
    { url = "https://files.pythonhosted.org/packages/36/7a/87837f39d0296e723bb9b62bbb257d0355c7f6128853c78955f57342a56d/python_dateutil-2.8.2-py2.py3-none-any.whl", hash = "sha256:961d03dc3453ebbc59dbdea9e4e11c5651520a876d0f4db161e8674aae935da9", size = 247702 },
]

[[package]]
name = "pyyaml"
version = "6.0"
source = { registry = "https://pypi.org/simple" }
sdist = { url = "https://files.pythonhosted.org/packages/36/2b/61d51a2c4f25ef062ae3f74576b01638bebad5e045f747ff12643df63844/PyYAML-6.0.tar.gz", hash = "sha256:68fb519c14306fec9720a2a5b45bc9f0c8d1b9c72adf45c37baedfcd949c35a2", size = 124996 }
wheels = [
    { url = "https://files.pythonhosted.org/packages/44/e5/4fea13230bcebf24b28c0efd774a2dd65a0937a2d39e94a4503438b078ed/PyYAML-6.0-cp310-cp310-macosx_10_9_x86_64.whl", hash = "sha256:d4db7c7aef085872ef65a8fd7d6d09a14ae91f691dec3e87ee5ee0539d516f53", size = 197589 },
    { url = "https://files.pythonhosted.org/packages/91/49/d46d7b15cddfa98533e89f3832f391aedf7e31f37b4d4df3a7a7855a7073/PyYAML-6.0-cp310-cp310-macosx_11_0_arm64.whl", hash = "sha256:9df7ed3b3d2e0ecfe09e14741b857df43adb5a3ddadc919a2d94fbdf78fea53c", size = 173975 },
    { url = "https://files.pythonhosted.org/packages/5e/f4/7b4bb01873be78fc9fde307f38f62e380b7111862c165372cf094ca2b093/PyYAML-6.0-cp310-cp310-manylinux_2_17_aarch64.manylinux2014_aarch64.whl", hash = "sha256:77f396e6ef4c73fdc33a9157446466f1cff553d979bd00ecb64385760c6babdc", size = 733711 },
    { url = "https://files.pythonhosted.org/packages/ef/ad/b443cce94539e57e1a745a845f95c100ad7b97593d7e104051e43f730ecd/PyYAML-6.0-cp310-cp310-manylinux_2_17_s390x.manylinux2014_s390x.whl", hash = "sha256:a80a78046a72361de73f8f395f1f1e49f956c6be882eed58505a15f3e430962b", size = 757857 },
    { url = "https://files.pythonhosted.org/packages/02/25/6ba9f6bb50a3d4fbe22c1a02554dc670682a07c8701d1716d19ddea2c940/PyYAML-6.0-cp310-cp310-manylinux_2_5_x86_64.manylinux1_x86_64.manylinux_2_12_x86_64.manylinux2010_x86_64.whl", hash = "sha256:f84fbc98b019fef2ee9a1cb3ce93e3187a6df0b2538a651bfb890254ba9f90b5", size = 682157 },
    { url = "https://files.pythonhosted.org/packages/0f/93/5f81d1925ce3b531f5ff215376445ec220887cd1c9a8bde23759554dbdfd/PyYAML-6.0-cp310-cp310-win32.whl", hash = "sha256:2cd5df3de48857ed0544b34e2d40e9fac445930039f3cfe4bcc592a1f836d513", size = 138123 },
    { url = "https://files.pythonhosted.org/packages/b7/09/2f6f4851bbca08642fef087bade095edc3c47f28d1e7bff6b20de5262a77/PyYAML-6.0-cp310-cp310-win_amd64.whl", hash = "sha256:daf496c58a8c52083df09b80c860005194014c3698698d1a57cbcfa182142a3a", size = 151651 },
    { url = "https://files.pythonhosted.org/packages/f8/54/799b059314b13e1063473f76e908f44106014d18f54b16c83a16edccd5ec/PyYAML-6.0-cp311-cp311-macosx_10_9_x86_64.whl", hash = "sha256:d4b0ba9512519522b118090257be113b9468d804b19d63c71dbcf4a48fa32358", size = 188559 },
    { url = "https://files.pythonhosted.org/packages/cb/5f/05dd91f5046e2256e35d885f3b8f0f280148568f08e1bf20421887523e9a/PyYAML-6.0-cp311-cp311-macosx_11_0_arm64.whl", hash = "sha256:81957921f441d50af23654aa6c5e5eaf9b06aba7f0a19c18a538dc7ef291c5a1", size = 167479 },
    { url = "https://files.pythonhosted.org/packages/7f/d9/6a0d14ac8d3b5605dc925d177c1d21ee9f0b7b39287799db1e50d197b2f4/PyYAML-6.0-cp311-cp311-manylinux_2_17_aarch64.manylinux2014_aarch64.whl", hash = "sha256:afa17f5bc4d1b10afd4466fd3a44dc0e245382deca5b3c353d8b757f9e3ecb8d", size = 732352 },
    { url = "https://files.pythonhosted.org/packages/68/3f/c027422e49433239267c62323fbc6320d6ac8d7d50cf0cb2a376260dad5f/PyYAML-6.0-cp311-cp311-manylinux_2_17_s390x.manylinux2014_s390x.whl", hash = "sha256:dbad0e9d368bb989f4515da330b88a057617d16b6a8245084f1b05400f24609f", size = 753020 },
    { url = "https://files.pythonhosted.org/packages/56/8f/e8b49ad21d26111493dc2d5cae4d7efbd0e2e065440665f5023515f87f64/PyYAML-6.0-cp311-cp311-manylinux_2_17_x86_64.manylinux2014_x86_64.whl", hash = "sha256:432557aa2c09802be39460360ddffd48156e30721f5e8d917f01d31694216782", size = 757901 },
    { url = "https://files.pythonhosted.org/packages/fc/48/531ecd926fe0a374346dd811bf1eda59a95583595bb80eadad511f3269b8/PyYAML-6.0-cp311-cp311-win32.whl", hash = "sha256:bfaef573a63ba8923503d27530362590ff4f576c626d86a9fed95822a8255fd7", size = 129269 },
    { url = "https://files.pythonhosted.org/packages/59/00/30e33fcd2a4562cd40c49c7740881009240c5cbbc0e41ca79ca4bba7c24b/PyYAML-6.0-cp311-cp311-win_amd64.whl", hash = "sha256:01b45c0191e6d66c470b6cf1b9531a771a83c1c4208272ead47a3ae4f2f603bf", size = 143181 },
]

[[package]]
name = "requests"
version = "2.28.1"
source = { registry = "https://pypi.org/simple" }
dependencies = [
    { name = "certifi" },
    { name = "charset-normalizer" },
    { name = "idna" },
    { name = "urllib3" },
]
sdist = { url = "https://files.pythonhosted.org/packages/a5/61/a867851fd5ab77277495a8709ddda0861b28163c4613b011bc00228cc724/requests-2.28.1.tar.gz", hash = "sha256:7c5599b102feddaa661c826c56ab4fee28bfd17f5abca1ebbe3e7f19d7c97983", size = 109805 }
wheels = [
    { url = "https://files.pythonhosted.org/packages/ca/91/6d9b8ccacd0412c08820f72cebaa4f0c0441b5cda699c90f618b6f8a1b42/requests-2.28.1-py3-none-any.whl", hash = "sha256:8fefa2a1a1365bf5520aac41836fbee479da67864514bdb821f31ce07ce65349", size = 62843 },
]

[[package]]
name = "scipy"
version = "1.9.1"
source = { registry = "https://pypi.org/simple" }
dependencies = [
    { name = "numpy" },
]
sdist = { url = "https://files.pythonhosted.org/packages/db/af/16906139f52bc6866c43401869ce247662739ad71afa11c6f18505eb0546/scipy-1.9.1.tar.gz", hash = "sha256:26d28c468900e6d5fdb37d2812ab46db0ccd22c63baa095057871faa3a498bc9", size = 42019478 }
wheels = [
    { url = "https://files.pythonhosted.org/packages/cc/76/7ee1ae8709033402de63871cae0b04537ab7577b7b9ad3e367f4dd4b3796/scipy-1.9.1-cp310-cp310-macosx_10_9_x86_64.whl", hash = "sha256:c61b4a91a702e8e04aeb0bfc40460e1f17a640977c04dda8757efb0199c75332", size = 36758537 },
    { url = "https://files.pythonhosted.org/packages/91/03/fa8613db8fa211e486fbf18c64103f53e98bddcfe3678701f42a95887690/scipy-1.9.1-cp310-cp310-macosx_12_0_arm64.whl", hash = "sha256:d79da472015d0120ba9b357b28a99146cd6c17b9609403164b1a8ed149b4dfc8", size = 29888936 },
    { url = "https://files.pythonhosted.org/packages/8e/fe/d4e35d6166ba578f7af91b6d40bc9f388689f9e773378c7ea7f4f8cf962d/scipy-1.9.1-cp310-cp310-macosx_12_0_universal2.macosx_10_9_x86_64.whl", hash = "sha256:825951b88f56765aeb6e5e38ac9d7d47407cfaaeb008d40aa1b45a2d7ea2731e", size = 58429961 },
    { url = "https://files.pythonhosted.org/packages/c0/d7/5d6a7a36fc84f2d87e436e63f0406bb93d999b37a8c68be5e0587e95d80e/scipy-1.9.1-cp310-cp310-manylinux_2_17_aarch64.manylinux2014_aarch64.whl", hash = "sha256:f950a04b33e17b38ff561d5a0951caf3f5b47caa841edd772ffb7959f20a6af0", size = 40139706 },
    { url = "https://files.pythonhosted.org/packages/c2/89/37b6e11bfe24e96a375fc39e6ffb6c2f27ff795cfb735ae83130e0bf78b5/scipy-1.9.1-cp310-cp310-manylinux_2_17_x86_64.manylinux2014_x86_64.whl", hash = "sha256:8cc81ac25659fec73599ccc52c989670e5ccd8974cf34bacd7b54a8d809aff1a", size = 43903805 },
    { url = "https://files.pythonhosted.org/packages/a9/17/67861cb65190a28e726e5f99f8938756385e8b2257cbae2b13e58594ae27/scipy-1.9.1-cp310-cp310-win_amd64.whl", hash = "sha256:8d3faa40ac16c6357aaf7ea50394ea6f1e8e99d75e927a51102b1943b311b4d9", size = 38566341 },
]

[[package]]
name = "six"
version = "1.16.0"
source = { registry = "https://pypi.org/simple" }
sdist = { url = "https://files.pythonhosted.org/packages/71/39/171f1c67cd00715f190ba0b100d606d440a28c93c7714febeca8b79af85e/six-1.16.0.tar.gz", hash = "sha256:1e61c37477a1626458e36f7b1d82aa5c9b094fa4802892072e49de9c60c4c926", size = 34041 }
wheels = [
    { url = "https://files.pythonhosted.org/packages/d9/5a/e7c31adbe875f2abbb91bd84cf2dc52d792b5a01506781dbcf25c91daf11/six-1.16.0-py2.py3-none-any.whl", hash = "sha256:8abb2f1d86890a2dfb989f9a77cfcfd3e47c2a354b01111771326f8aa26e0254", size = 11053 },
]

[[package]]
name = "tqdm"
version = "4.64.1"
source = { registry = "https://pypi.org/simple" }
dependencies = [
    { name = "colorama", marker = "platform_system == 'Windows'" },
]
sdist = { url = "https://files.pythonhosted.org/packages/c1/c2/d8a40e5363fb01806870e444fc1d066282743292ff32a9da54af51ce36a2/tqdm-4.64.1.tar.gz", hash = "sha256:5f4f682a004951c1b450bc753c710e9280c5746ce6ffedee253ddbcbf54cf1e4", size = 169599 }
wheels = [
    { url = "https://files.pythonhosted.org/packages/47/bb/849011636c4da2e44f1253cd927cfb20ada4374d8b3a4e425416e84900cc/tqdm-4.64.1-py2.py3-none-any.whl", hash = "sha256:6fee160d6ffcd1b1c68c65f14c829c22832bc401726335ce92c52d395944a6a1", size = 78468 },
]

[[package]]
name = "typing-extensions"
version = "4.3.0"
source = { registry = "https://pypi.org/simple" }
sdist = { url = "https://files.pythonhosted.org/packages/9e/1d/d128169ff58c501059330f1ad96ed62b79114a2eb30b8238af63a2e27f70/typing_extensions-4.3.0.tar.gz", hash = "sha256:e6d2677a32f47fc7eb2795db1dd15c1f34eff616bcaf2cfb5e997f854fa1c4a6", size = 47430 }
wheels = [
    { url = "https://files.pythonhosted.org/packages/ed/d6/2afc375a8d55b8be879d6b4986d4f69f01115e795e36827fd3a40166028b/typing_extensions-4.3.0-py3-none-any.whl", hash = "sha256:25642c956049920a5aa49edcdd6ab1e06d7e5d467fc00e0506c44ac86fbfca02", size = 25596 },
]

[[package]]
name = "urllib3"
version = "1.26.12"
source = { registry = "https://pypi.org/simple" }
sdist = { url = "https://files.pythonhosted.org/packages/b2/56/d87d6d3c4121c0bcec116919350ca05dc3afd2eeb7dc88d07e8083f8ea94/urllib3-1.26.12.tar.gz", hash = "sha256:3fa96cf423e6987997fc326ae8df396db2a8b7c667747d47ddd8ecba91f4a74e", size = 299806 }
wheels = [
    { url = "https://files.pythonhosted.org/packages/6f/de/5be2e3eed8426f871b170663333a0f627fc2924cc386cd41be065e7ea870/urllib3-1.26.12-py2.py3-none-any.whl", hash = "sha256:b930dd878d5a8afb066a637fbb35144fe7901e3b209d1cd4f524bd0e9deee997", size = 140381 },
]
